
Microsoft Visual Studio Solution File, Format Version 12.00
# Visual Studio 2017
Project("{FAE04EC0-301F-11D3-BF4B-00C04F79EFBC}") = "ARGo_0.7", "ARGo_0.7.csproj", "{0B721FD4-5838-FB10-EA82-AB867FA221FF}"
EndProject
Project("{FAE04EC0-301F-11D3-BF4B-00C04F79EFBC}") = "ARGo_0.7.Editor", "ARGo_0.7.Editor.csproj", "{92A8D501-5F08-121F-4ACF-F6971E572501}"
EndProject
Global
	GlobalSection(SolutionConfigurationPlatforms) = preSolution
		Debug|Any CPU = Debug|Any CPU
		Release|Any CPU = Release|Any CPU
	EndGlobalSection
	GlobalSection(ProjectConfigurationPlatforms) = postSolution
		{0B721FD4-5838-FB10-EA82-AB867FA221FF}.Debug|Any CPU.ActiveCfg = Debug|Any CPU
		{0B721FD4-5838-FB10-EA82-AB867FA221FF}.Debug|Any CPU.Build.0 = Debug|Any CPU
		{0B721FD4-5838-FB10-EA82-AB867FA221FF}.Release|Any CPU.ActiveCfg = Release|Any CPU
		{0B721FD4-5838-FB10-EA82-AB867FA221FF}.Release|Any CPU.Build.0 = Release|Any CPU
		{92A8D501-5F08-121F-4ACF-F6971E572501}.Debug|Any CPU.ActiveCfg = Debug|Any CPU
		{92A8D501-5F08-121F-4ACF-F6971E572501}.Debug|Any CPU.Build.0 = Debug|Any CPU
		{92A8D501-5F08-121F-4ACF-F6971E572501}.Release|Any CPU.ActiveCfg = Release|Any CPU
		{92A8D501-5F08-121F-4ACF-F6971E572501}.Release|Any CPU.Build.0 = Release|Any CPU
	EndGlobalSection
	GlobalSection(SolutionProperties) = preSolution
		HideSolutionNode = FALSE
	EndGlobalSection
EndGlobal
